title: 'Safe & snug with Graco® car seats'

logo_img_url: "images/bbB_emailheader_FS49_01.jpg"
logo_img_alt: "buybuy Baby Logo"
logo_img_link: "http://www.buybuybaby.com/store"

freeshipping_img_url: "images/bbB_emailheader_FS49_02.jpg"
freeshipping_img_alt: "FREE SHIPPING ON ORDERS OVER $49 Get Details"
freeshipping_img_link: "http://www.buybuybaby.com/store/static/ShippingPolicies"

instore_img_url: "images/bbB_emailheader_FS49_03.jpg"
instore_img_alt: "IN-STORE PICKUP RESERVE ONLINE PAY IN-STORE Learn More"
instore_img_link: "http://www.buybuybaby.com/store/static/reserveonline"

babyreg_img_url: "images/bbB_emailheader_FS49_04.jpg"
babyreg_img_alt: "baby registry logo"
babyreg_img_link: "http://www.buybuybaby.com/store/page/BabyRegistry"

nav1_url: "images/bbB_emailheader_FS49_05.jpg"
nav1_alt: "what&#39;s new"
nav1_link: "http://www.buybuybaby.com/store/category/whats-new/30008/"

nav2_url: "images/bbB_emailheader_FS49_06.jpg"
nav2_alt: "find a store"
nav2_link: "http://www.buybuybaby.com/store/selfservice/FindStore"

nav3_url: "images/bbB_emailheader_FS49_07.jpg"
nav3_alt: "clearance"
nav3_link: "http://www.buybuybaby.com/store/category/clearance/30010/"

preheader_text: 'Safe & snug with Graco® car seats'
preheader_link: 'https://www.buybuybaby.com/store/s/graco-snuglock'
viewaswebpage_text: 'View as a web page'
viewaswebpage_link: 'http://view.ed4.net/w/_ECLIENTID__/_ECELLID__/_EOLISTID__/_EOCID__/_MAILACTION__/_EDSECUREID__/FORMATOVERRIDE='
# Loop through articles
articles:

- type: 'image'
  image_url: 'images/bbB_032817_Graco_SnugLock_02.gif'
  image_alt: 'click for a secure install In 3 easy steps get a secure install with SnugLock™ Technology. Just latch or buckle, remove slack, & click - that&#39;s it! shop now'
  image_link: 'https://www.buybuybaby.com/store/s/graco-snuglock'

- type: 'image'
  image_url: 'images/bbB_032817_Graco_SnugLock_03.jpg'
  image_alt: 'SnugRide® SnugLock™ 35 Platinum XT Simply Safe Adjust™ harness system adjusts in one motion Comes with removable all-weather boot Premium plush fabric & exclusive fashion SnugRide® SnugLock™ 35 Platinum XT Shown in Tuscan Additional fashions available 249.99 FREE SHIPPING'
  image_link: 'https://www.buybuybaby.com/store/product/graco-reg-snugride-reg-snuglock-trade-35-platinum-xt-infant-car-seat-in-passport/1060453143'

- type: 'image'
  image_url: 'images/bbB_032817_Graco_SnugLock_04.jpg'
  image_alt: 'SnugRide® SnugLock™ 35 DLX Adjustable handle & extendable canopy InRight™ LATCH System & SafetyCore™ Energy Absorption SnugRide® SnugLock™ Shown in Zayn 199.99 FREE SHIPPING'
  image_link: 'https://www.buybuybaby.com/store/product/graco-reg-snugride-reg-snuglock-trade-35-dlx-infant-car-seat-in-zayn/1060453150'

- type: 'image'
  image_url: 'images/bbB_032817_Graco_SnugLock_05.jpg'
  image_alt: 'SnugRide® SnugLock™ 35 Rotating canopy with window & visor for sun protection Safety seats infants weighing 4 to 35 lbs. SnugRide® SnugLock™ 35 Shown in Tenley Additional fashions available 159.99 FREE SHIPPING'
  image_link: 'https://www.buybuybaby.com/store/product/graco-reg-snugride-reg-snuglock-trade-35-infant-car-seat-in-tenley/1060924612'

- type: 'image'
  image_url: 'images/bbB_032817_Graco_SnugLock_06.jpg'
  image_alt: 'shop Graco®'
  image_link: 'https://www.buybuybaby.com/store/brand/graco/329'

- type: 'image'
  image_url: 'images/bbB_032817_Graco_SnugLock_07.jpg'
  image_alt: 'You can purchase any of these items at buybuybaby.com, order in any of our stores or use our find in-store option for easy pick-up. Prices valid only in contiguous United States.'
  image_link: 'http://www.buybuybaby.com/store/selfservice/FindStore'

- type: 'image'
  image_url: 'images/bbB_032817_Graco_SnugLock_08.jpg'
  image_alt: 'more to shop Graco®'
  image_link: ''

- type: 'images-3-columns'
  image_first_url: 'images/bbB_032817_Graco_SnugLock_09.jpg'
  image_first_alt: 'strollers'
  image_first_link: 'https://www.buybuybaby.com/store/brand/graco/329/4294967217-4294965885-4294966252-32571/1-48?pagSortOpt=DEFAULT-0&isFromSWD=false&_requestid=2414318'
  image_second_url: 'images/bbB_032817_Graco_SnugLock_10.jpg'
  image_second_alt: 'nursing & feeding'
  image_second_link: 'https://www.buybuybaby.com/store/brand/graco/329/4294967217-4294965885-4294966252-30009/1-48?pagSortOpt=DEFAULT-0&isFromSWD=false&_requestid=2415382'
  image_third_url: 'images/bbB_032817_Graco_SnugLock_11.jpg'
  image_third_alt: 'playards & portable beds'
  image_third_link: 'https://www.buybuybaby.com/store/brand/graco/329/4294967217-4294965885-4294966252-30509/1-48?pagSortOpt=DEFAULT-0&isFromSWD=false&_requestid=2416496'

- type: 'image'
  image_url: 'images/bbB_032817_Graco_SnugLock_12.jpg'
  image_alt: 'style your dream nursery shop this collection'
  image_link: 'https://www.buybuybaby.com/store/category/furniture/baby-furniture/nursery-ideas/32819/'

- type: 'image'
  image_url: 'images/bbB_032817_Graco_SnugLock_13.jpg'
  image_alt: 'quality & prices you#39;ll love shop buybuy BABY®'
  image_link: 'https://www.buybuybaby.com/store/brand/buybuy-baby/2137'

socialnav:
- link: ""
  img: "images/bbB_032817_Graco_SnugLock_14.jpg"
  alt: ""
- link: "http://www.facebook.com/buybuyBABY"
  img: "images/bbB_032817_Graco_SnugLock_15.jpg"
  alt: "Facebook logo"
- link: "https://twitter.com/buybuybaby"
  img: "images/bbB_032817_Graco_SnugLock_16.jpg"
  alt: "Twitter logo"
- link: "http://www.pinterest.com/buybuybaby"
  img: "images/bbB_032817_Graco_SnugLock_17.jpg"
  alt: "Pinterest logo"
- link: "http://www.youtube.com/user/buybuybaby"
  img: "images/bbB_032817_Graco_SnugLock_18.jpg"
  alt: "YouTube logo"
- link: "http://instagram.com/buybuybaby"
  img: "images/bbB_032817_Graco_SnugLock_19.jpg"
  alt: "Instagram logo"
- link: ""
  img: "images/bbB_032817_Graco_SnugLock_20.jpg"
  alt: ""

footer_ViewMap: 'http://www.buybuybaby.com/store/selfservice/FindStore?flashEnabled=true'
footer_FindAnotherLocation: 'http://www.buybuybaby.com/store/selfservice/FindStore?flashEnabled=true'
footer_subscribehere: 'https://app.buybuybaby.com/prefs/pref.cfm'
footer_updateyouremailpreferences: 'http://app.buybuybaby.com/prefs/unsub.cfm?e=_OEMAIL__&c=_EOCID__&n=_ECELLID__&order_num=-1'
footer_contactushere: 'http://www.buybuybaby.com/store/selfservice/contact_us'
footer_PrivacyPolicy: 'http://www.buybuybaby.com/store/static/PrivacyPolicy'
